Microsoft Visual Studio Solution File, Format Version 11.00
# Visual Studio 2008

Project("{573D5FC6-524F-3026-E0C7-322297A44786}") = "Shooting Game", "Assembly-CSharp.csproj", "{F5C5C89D-1947-F194-D5F3-41A4D9C6AA58}"
EndProject
Project("{573D5FC6-524F-3026-E0C7-322297A44786}") = "Shooting Game", "Assembly-UnityScript.unityproj", "{E9A4C30F-F5E5-3351-4622-3FD681ED35A4}"
EndProject
Global
	GlobalSection(SolutionConfigurationPlatforms) = preSolution
		Debug|Any CPU = Debug|Any CPU
		Release|Any CPU = Release|Any CPU
	EndGlobalSection
	GlobalSection(ProjectConfigurationPlatforms) = postSolution
		{F5C5C89D-1947-F194-D5F3-41A4D9C6AA58}.Debug|Any CPU.ActiveCfg = Debug|Any CPU
		{F5C5C89D-1947-F194-D5F3-41A4D9C6AA58}.Debug|Any CPU.Build.0 = Debug|Any CPU
		{F5C5C89D-1947-F194-D5F3-41A4D9C6AA58}.Release|Any CPU.ActiveCfg = Release|Any CPU
		{F5C5C89D-1947-F194-D5F3-41A4D9C6AA58}.Release|Any CPU.Build.0 = Release|Any CPU
		{E9A4C30F-F5E5-3351-4622-3FD681ED35A4}.Debug|Any CPU.ActiveCfg = Debug|Any CPU
		{E9A4C30F-F5E5-3351-4622-3FD681ED35A4}.Debug|Any CPU.Build.0 = Debug|Any CPU
		{E9A4C30F-F5E5-3351-4622-3FD681ED35A4}.Release|Any CPU.ActiveCfg = Release|Any CPU
		{E9A4C30F-F5E5-3351-4622-3FD681ED35A4}.Release|Any CPU.Build.0 = Release|Any CPU
	EndGlobalSection
	GlobalSection(SolutionProperties) = preSolution
		HideSolutionNode = FALSE
	EndGlobalSection
		GlobalSection(MonoDevelopProperties) = preSolution
		StartupItem = Assembly-CSharp.csproj
		Policies = $0
		$0.TextStylePolicy = $1
		$1.inheritsSet = null
		$1.scope = text/x-csharp
		$0.CSharpFormattingPolicy = $2
		$2.inheritsSet = Mono
		$2.inheritsScope = text/x-csharp
		$2.scope = text/x-csharp
		$0.TextStylePolicy = $3
		$3.FileWidth = 120
		$3.TabWidth = 4
		$3.EolMarker = Unix
		$3.inheritsSet = Mono
		$3.inheritsScope = text/plain
		$3.scope = text/plain
	EndGlobalSection

EndGlobal
